
Microsoft Visual Studio Solution File, Format Version 12.00
# Visual Studio Version 16
VisualStudioVersion = 16.0.31624.102
MinimumVisualStudioVersion = 10.0.40219.1
Project("{8BC9CEB8-8B4A-11D0-8D11-00A0C91BC942}") = "Project1", "Project1.vcxproj", "{EC8D62D7-ACE5-4FD3-8FAE-64AD41781814}"
EndProject
Global
	GlobalSection(SolutionConfigurationPlatforms) = preSolution
		Debug|x64 = Debug|x64
		Debug|x86 = Debug|x86
		Release|x64 = Release|x64
		Release|x86 = Release|x86
	EndGlobalSection
	GlobalSection(ProjectConfigurationPlatforms) = postSolution
		{EC8D62D7-ACE5-4FD3-8FAE-64AD41781814}.Debug|x64.ActiveCfg = Debug|x64
		{EC8D62D7-ACE5-4FD3-8FAE-64AD41781814}.Debug|x64.Build.0 = Debug|x64
		{EC8D62D7-ACE5-4FD3-8FAE-64AD41781814}.Debug|x86.ActiveCfg = Debug|Win32
		{EC8D62D7-ACE5-4FD3-8FAE-64AD41781814}.Debug|x86.Build.0 = Debug|Win32
		{EC8D62D7-ACE5-4FD3-8FAE-64AD41781814}.Release|x64.ActiveCfg = Release|x64
		{EC8D62D7-ACE5-4FD3-8FAE-64AD41781814}.Release|x64.Build.0 = Release|x64
		{EC8D62D7-ACE5-4FD3-8FAE-64AD41781814}.Release|x86.ActiveCfg = Release|Win32
		{EC8D62D7-ACE5-4FD3-8FAE-64AD41781814}.Release|x86.Build.0 = Release|Win32
	EndGlobalSection
	GlobalSection(SolutionProperties) = preSolution
		HideSolutionNode = FALSE
	EndGlobalSection
	GlobalSection(ExtensibilityGlobals) = postSolution
		SolutionGuid = {BDEB4F8E-9D1B-4A2D-B6CD-641B303F8135}
	EndGlobalSection
EndGlobal
